// !$*UTF8*$!
{
	archiveVersion = 1;
	classes = {
	};
	objectVersion = 46;
	objects = {

/* Begin PBXBuildFile section */
		1D50F79D1B155DCD00FD70B6 /* 画中画01前景效果.png in Resources */ = {isa = PBXBuildFile; fileRef = 1D50F7921B155DCD00FD70B6 /* 画中画01前景效果.png */; };
		1D50F79E1B155DCD00FD70B6 /* 画中画01背景.jpg in Resources */ = {isa = PBXBuildFile; fileRef = 1D50F7931B155DCD00FD70B6 /* 画中画01背景.jpg */; };
		1D50F79F1B155DCD00FD70B6 /* 画中画04背景.jpg in Resources */ = {isa = PBXBuildFile; fileRef = 1D50F7941B155DCD00FD70B6 /* 画中画04背景.jpg */; };
		1D50F7A01B155DCD00FD70B6 /* 画中画04前景效果.png in Resources */ = {isa = PBXBuildFile; fileRef = 1D50F7951B155DCD00FD70B6 /* 画中画04前景效果.png */; };
		1D50F7A11B155DCD00FD70B6 /* 画中画05背景.jpg in Resources */ = {isa = PBXBuildFile; fileRef = 1D50F7961B155DCD00FD70B6 /* 画中画05背景.jpg */; };
		1D50F7A21B155DCD00FD70B6 /* 画中画06前景效果.png in Resources */ = {isa = PBXBuildFile; fileRef = 1D50F7971B155DCD00FD70B6 /* 画中画06前景效果.png */; };
		1D50F7A31B155DCD00FD70B6 /* 画中画06背景.jpg in Resources */ = {isa = PBXBuildFile; fileRef = 1D50F7981B155DCD00FD70B6 /* 画中画06背景.jpg */; };
		1D50F7A41B155DCD00FD70B6 /* 画中画07前景效果.png in Resources */ = {isa = PBXBuildFile; fileRef = 1D50F7991B155DCD00FD70B6 /* 画中画07前景效果.png */; };
		1D50F7A51B155DCD00FD70B6 /* 画中画07背景.jpg in Resources */ = {isa = PBXBuildFile; fileRef = 1D50F79A1B155DCD00FD70B6 /* 画中画07背景.jpg */; };
		1D50F7A61B155DCD00FD70B6 /* 画中画08前景效果.png in Resources */ = {isa = PBXBuildFile; fileRef = 1D50F79B1B155DCD00FD70B6 /* 画中画08前景效果.png */; };
		1D50F7A71B155DCD00FD70B6 /* 画中画08背景.jpg in Resources */ = {isa = PBXBuildFile; fileRef = 1D50F79C1B155DCD00FD70B6 /* 画中画08背景.jpg */; };
		1D50F7AA1B15767F00FD70B6 /* PendantImageView.m in Sources */ = {isa = PBXBuildFile; fileRef = 1D50F7A91B15767F00FD70B6 /* PendantImageView.m */; };
		1D50F7AC1B15C03900FD70B6 /* 画中画09背景.png in Resources */ = {isa = PBXBuildFile; fileRef = 1D50F7AB1B15C03900FD70B6 /* 画中画09背景.png */; };
		1D50F7AF1B15D86200FD70B6 /* BackImageView.m in Sources */ = {isa = PBXBuildFile; fileRef = 1D50F7AE1B15D86200FD70B6 /* BackImageView.m */; };
		1D5EF3C61B142FE800DAD302 /* main.m in Sources */ = {isa = PBXBuildFile; fileRef = 1D5EF3C51B142FE800DAD302 /* main.m */; };
		1D5EF3C91B142FE800DAD302 /* AppDelegate.m in Sources */ = {isa = PBXBuildFile; fileRef = 1D5EF3C81B142FE800DAD302 /* AppDelegate.m */; };
		1D5EF3CC1B142FE800DAD302 /* ViewController.m in Sources */ = {isa = PBXBuildFile; fileRef = 1D5EF3CB1B142FE800DAD302 /* ViewController.m */; };
		1D5EF3CF1B142FE800DAD302 /* Main.storyboard in Resources */ = {isa = PBXBuildFile; fileRef = 1D5EF3CD1B142FE800DAD302 /* Main.storyboard */; };
		1D5EF3D11B142FE800DAD302 /* Images.xcassets in Resources */ = {isa = PBXBuildFile; fileRef = 1D5EF3D01B142FE800DAD302 /* Images.xcassets */; };
		1D5EF3D41B142FE800DAD302 /* LaunchScreen.xib in Resources */ = {isa = PBXBuildFile; fileRef = 1D5EF3D21B142FE800DAD302 /* LaunchScreen.xib */; };
		1D5EF3E01B142FE800DAD302 /* GifDemoTests.m in Sources */ = {isa = PBXBuildFile; fileRef = 1D5EF3DF1B142FE800DAD302 /* GifDemoTests.m */; };
		1D5EF3EB1B14300C00DAD302 /* GifView.m in Sources */ = {isa = PBXBuildFile; fileRef = 1D5EF3EA1B14300C00DAD302 /* GifView.m */; };
		1D5EF3ED1B14464800DAD302 /* 画中画02背景.gif in Resources */ = {isa = PBXBuildFile; fileRef = 1D5EF3EC1B14464800DAD302 /* 画中画02背景.gif */; };
		1D5EF3EF1B14490A00DAD302 /* IMG_0027.JPG in Resources */ = {isa = PBXBuildFile; fileRef = 1D5EF3EE1B14490A00DAD302 /* IMG_0027.JPG */; };
		1D5EF4121B144D6200DAD302 /* MKAnnotationView+WebCache.m in Sources */ = {isa = PBXBuildFile; fileRef = 1D5EF3F21B144D6200DAD302 /* MKAnnotationView+WebCache.m */; };
		1D5EF4131B144D6200DAD302 /* NSData+ImageContentType.m in Sources */ = {isa = PBXBuildFile; fileRef = 1D5EF3F41B144D6200DAD302 /* NSData+ImageContentType.m */; };
		1D5EF4141B144D6200DAD302 /* SDImageCache.m in Sources */ = {isa = PBXBuildFile; fileRef = 1D5EF3F61B144D6200DAD302 /* SDImageCache.m */; };
		1D5EF4151B144D6200DAD302 /* SDWebImageCompat.m in Sources */ = {isa = PBXBuildFile; fileRef = 1D5EF3F81B144D6200DAD302 /* SDWebImageCompat.m */; };
		1D5EF4161B144D6200DAD302 /* SDWebImageDecoder.m in Sources */ = {isa = PBXBuildFile; fileRef = 1D5EF3FA1B144D6200DAD302 /* SDWebImageDecoder.m */; };
		1D5EF4171B144D6200DAD302 /* SDWebImageDownloader.m in Sources */ = {isa = PBXBuildFile; fileRef = 1D5EF3FC1B144D6200DAD302 /* SDWebImageDownloader.m */; };
		1D5EF4181B144D6200DAD302 /* SDWebImageDownloaderOperation.m in Sources */ = {isa = PBXBuildFile; fileRef = 1D5EF3FE1B144D6200DAD302 /* SDWebImageDownloaderOperation.m */; };
		1D5EF4191B144D6200DAD302 /* SDWebImageManager.m in Sources */ = {isa = PBXBuildFile; fileRef = 1D5EF4001B144D6200DAD302 /* SDWebImageManager.m */; };
		1D5EF41A1B144D6200DAD302 /* SDWebImagePrefetcher.m in Sources */ = {isa = PBXBuildFile; fileRef = 1D5EF4031B144D6200DAD302 /* SDWebImagePrefetcher.m */; };
		1D5EF41B1B144D6200DAD302 /* UIButton+WebCache.m in Sources */ = {isa = PBXBuildFile; fileRef = 1D5EF4051B144D6200DAD302 /* UIButton+WebCache.m */; };
		1D5EF41C1B144D6200DAD302 /* UIImage+GIF.m in Sources */ = {isa = PBXBuildFile; fileRef = 1D5EF4071B144D6200DAD302 /* UIImage+GIF.m */; };
		1D5EF41D1B144D6200DAD302 /* UIImage+MultiFormat.m in Sources */ = {isa = PBXBuildFile; fileRef = 1D5EF4091B144D6200DAD302 /* UIImage+MultiFormat.m */; };
		1D5EF41E1B144D6200DAD302 /* UIImage+WebP.m in Sources */ = {isa = PBXBuildFile; fileRef = 1D5EF40B1B144D6200DAD302 /* UIImage+WebP.m */; };
		1D5EF41F1B144D6200DAD302 /* UIImageView+HighlightedWebCache.m in Sources */ = {isa = PBXBuildFile; fileRef = 1D5EF40D1B144D6200DAD302 /* UIImageView+HighlightedWebCache.m */; };
		1D5EF4201B144D6200DAD302 /* UIImageView+WebCache.m in Sources */ = {isa = PBXBuildFile; fileRef = 1D5EF40F1B144D6200DAD302 /* UIImageView+WebCache.m */; };
		1D5EF4211B144D6200DAD302 /* UIView+WebCacheOperation.m in Sources */ = {isa = PBXBuildFile; fileRef = 1D5EF4111B144D6200DAD302 /* UIView+WebCacheOperation.m */; };
		1D5EF4281B144D7E00DAD302 /* UIImage+Rotation.m in Sources */ = {isa = PBXBuildFile; fileRef = 1D5EF4261B144D7E00DAD302 /* UIImage+Rotation.m */; settings = {COMPILER_FLAGS = "-fno-objc-arc"; }; };
		1D5EF4381B14670700DAD302 /* ImageCropperView.m in Sources */ = {isa = PBXBuildFile; fileRef = 1D5EF4371B14670700DAD302 /* ImageCropperView.m */; settings = {COMPILER_FLAGS = "-fno-objc-arc"; }; };
/* End PBXBuildFile section */

/* Begin PBXContainerItemProxy section */
		1D5EF3DA1B142FE800DAD302 /* PBXContainerItemProxy */ = {
			isa = PBXContainerItemProxy;
			containerPortal = 1D5EF3B81B142FE800DAD302 /* Project object */;
			proxyType = 1;
			remoteGlobalIDString = 1D5EF3BF1B142FE800DAD302;
			remoteInfo = GifDemo;
		};
/* End PBXContainerItemProxy section */

/* Begin PBXFileReference section */
		1D50F7921B155DCD00FD70B6 /* 画中画01前景效果.png */ = {isa = PBXFileReference; lastKnownFileType = image.png; path = "画中画01前景效果.png"; sourceTree = "<group>"; };
		1D50F7931B155DCD00FD70B6 /* 画中画01背景.jpg */ = {isa = PBXFileReference; lastKnownFileType = image.jpeg; path = "画中画01背景.jpg"; sourceTree = "<group>"; };
		1D50F7941B155DCD00FD70B6 /* 画中画04背景.jpg */ = {isa = PBXFileReference; lastKnownFileType = image.jpeg; path = "画中画04背景.jpg"; sourceTree = "<group>"; };
		1D50F7951B155DCD00FD70B6 /* 画中画04前景效果.png */ = {isa = PBXFileReference; lastKnownFileType = image.png; path = "画中画04前景效果.png"; sourceTree = "<group>"; };
		1D50F7961B155DCD00FD70B6 /* 画中画05背景.jpg */ = {isa = PBXFileReference; lastKnownFileType = image.jpeg; path = "画中画05背景.jpg"; sourceTree = "<group>"; };
		1D50F7971B155DCD00FD70B6 /* 画中画06前景效果.png */ = {isa = PBXFileReference; lastKnownFileType = image.png; path = "画中画06前景效果.png"; sourceTree = "<group>"; };
		1D50F7981B155DCD00FD70B6 /* 画中画06背景.jpg */ = {isa = PBXFileReference; lastKnownFileType = image.jpeg; path = "画中画06背景.jpg"; sourceTree = "<group>"; };
		1D50F7991B155DCD00FD70B6 /* 画中画07前景效果.png */ = {isa = PBXFileReference; lastKnownFileType = image.png; path = "画中画07前景效果.png"; sourceTree = "<group>"; };
		1D50F79A1B155DCD00FD70B6 /* 画中画07背景.jpg */ = {isa = PBXFileReference; lastKnownFileType = image.jpeg; path = "画中画07背景.jpg"; sourceTree = "<group>"; };
		1D50F79B1B155DCD00FD70B6 /* 画中画08前景效果.png */ = {isa = PBXFileReference; lastKnownFileType = image.png; path = "画中画08前景效果.png"; sourceTree = "<group>"; };
		1D50F79C1B155DCD00FD70B6 /* 画中画08背景.jpg */ = {isa = PBXFileReference; lastKnownFileType = image.jpeg; path = "画中画08背景.jpg"; sourceTree = "<group>"; };
		1D50F7A81B15767F00FD70B6 /* PendantImageView.h */ = {isa = PBXFileReference; fileEncoding = 4; lastKnownFileType = sourcecode.c.h; path = PendantImageView.h; sourceTree = "<group>"; };
		1D50F7A91B15767F00FD70B6 /* PendantImageView.m */ = {isa = PBXFileReference; fileEncoding = 4; lastKnownFileType = sourcecode.c.objc; path = PendantImageView.m; sourceTree = "<group>"; };
		1D50F7AB1B15C03900FD70B6 /* 画中画09背景.png */ = {isa = PBXFileReference; lastKnownFileType = image.png; path = "画中画09背景.png"; sourceTree = "<group>"; };
		1D50F7AD1B15D86200FD70B6 /* BackImageView.h */ = {isa = PBXFileReference; fileEncoding = 4; lastKnownFileType = sourcecode.c.h; path = BackImageView.h; sourceTree = "<group>"; };
		1D50F7AE1B15D86200FD70B6 /* BackImageView.m */ = {isa = PBXFileReference; fileEncoding = 4; lastKnownFileType = sourcecode.c.objc; path = BackImageView.m; sourceTree = "<group>"; };
		1D5EF3C01B142FE800DAD302 /* GifDemo.app */ = {isa = PBXFileReference; explicitFileType = wrapper.application; includeInIndex = 0; path = GifDemo.app; sourceTree = BUILT_PRODUCTS_DIR; };
		1D5EF3C41B142FE800DAD302 /* Info.plist */ = {isa = PBXFileReference; lastKnownFileType = text.plist.xml; path = Info.plist; sourceTree = "<group>"; };
		1D5EF3C51B142FE800DAD302 /* main.m */ = {isa = PBXFileReference; lastKnownFileType = sourcecode.c.objc; path = main.m; sourceTree = "<group>"; };
		1D5EF3C71B142FE800DAD302 /* AppDelegate.h */ = {isa = PBXFileReference; lastKnownFileType = sourcecode.c.h; path = AppDelegate.h; sourceTree = "<group>"; };
		1D5EF3C81B142FE800DAD302 /* AppDelegate.m */ = {isa = PBXFileReference; lastKnownFileType = sourcecode.c.objc; path = AppDelegate.m; sourceTree = "<group>"; };
		1D5EF3CA1B142FE800DAD302 /* ViewController.h */ = {isa = PBXFileReference; lastKnownFileType = sourcecode.c.h; path = ViewController.h; sourceTree = "<group>"; };
		1D5EF3CB1B142FE800DAD302 /* ViewController.m */ = {isa = PBXFileReference; lastKnownFileType = sourcecode.c.objc; path = ViewController.m; sourceTree = "<group>"; };
		1D5EF3CE1B142FE800DAD302 /* Base */ = {isa = PBXFileReference; lastKnownFileType = file.storyboard; name = Base; path = Base.lproj/Main.storyboard; sourceTree = "<group>"; };
		1D5EF3D01B142FE800DAD302 /* Images.xcassets */ = {isa = PBXFileReference; lastKnownFileType = folder.assetcatalog; path = Images.xcassets; sourceTree = "<group>"; };
		1D5EF3D31B142FE800DAD302 /* Base */ = {isa = PBXFileReference; lastKnownFileType = file.xib; name = Base; path = Base.lproj/LaunchScreen.xib; sourceTree = "<group>"; };
		1D5EF3D91B142FE800DAD302 /* GifDemoTests.xctest */ = {isa = PBXFileReference; explicitFileType = wrapper.cfbundle; includeInIndex = 0; path = GifDemoTests.xctest; sourceTree = BUILT_PRODUCTS_DIR; };
		1D5EF3DE1B142FE800DAD302 /* Info.plist */ = {isa = PBXFileReference; lastKnownFileType = text.plist.xml; path = Info.plist; sourceTree = "<group>"; };
		1D5EF3DF1B142FE800DAD302 /* GifDemoTests.m */ = {isa = PBXFileReference; lastKnownFileType = sourcecode.c.objc; path = GifDemoTests.m; sourceTree = "<group>"; };
		1D5EF3E91B14300C00DAD302 /* GifView.h */ = {isa = PBXFileReference; fileEncoding = 4; lastKnownFileType = sourcecode.c.h; path = GifView.h; sourceTree = "<group>"; };
		1D5EF3EA1B14300C00DAD302 /* GifView.m */ = {isa = PBXFileReference; fileEncoding = 4; lastKnownFileType = sourcecode.c.objc; path = GifView.m; sourceTree = "<group>"; };
		1D5EF3EC1B14464800DAD302 /* 画中画02背景.gif */ = {isa = PBXFileReference; lastKnownFileType = image.gif; name = "画中画02背景.gif"; path = "../画中画02背景.gif"; sourceTree = "<group>"; };
		1D5EF3EE1B14490A00DAD302 /* IMG_0027.JPG */ = {isa = PBXFileReference; lastKnownFileType = image.jpeg; path = IMG_0027.JPG; sourceTree = "<group>"; };
		1D5EF3F11B144D6200DAD302 /* MKAnnotationView+WebCache.h */ = {isa = PBXFileReference; fileEncoding = 4; lastKnownFileType = sourcecode.c.h; path = "MKAnnotationView+WebCache.h"; sourceTree = "<group>"; };
		1D5EF3F21B144D6200DAD302 /* MKAnnotationView+WebCache.m */ = {isa = PBXFileReference; fileEncoding = 4; lastKnownFileType = sourcecode.c.objc; path = "MKAnnotationView+WebCache.m"; sourceTree = "<group>"; };
		1D5EF3F31B144D6200DAD302 /* NSData+ImageContentType.h */ = {isa = PBXFileReference; fileEncoding = 4; lastKnownFileType = sourcecode.c.h; path = "NSData+ImageContentType.h"; sourceTree = "<group>"; };
		1D5EF3F41B144D6200DAD302 /* NSData+ImageContentType.m */ = {isa = PBXFileReference; fileEncoding = 4; lastKnownFileType = sourcecode.c.objc; path = "NSData+ImageContentType.m"; sourceTree = "<group>"; };
		1D5EF3F51B144D6200DAD302 /* SDImageCache.h */ = {isa = PBXFileReference; fileEncoding = 4; lastKnownFileType = sourcecode.c.h; path = SDImageCache.h; sourceTree = "<group>"; };
		1D5EF3F61B144D6200DAD302 /* SDImageCache.m */ = {isa = PBXFileReference; fileEncoding = 4; lastKnownFileType = sourcecode.c.objc; path = SDImageCache.m; sourceTree = "<group>"; };
		1D5EF3F71B144D6200DAD302 /* SDWebImageCompat.h */ = {isa = PBXFileReference; fileEncoding = 4; lastKnownFileType = sourcecode.c.h; path = SDWebImageCompat.h; sourceTree = "<group>"; };
		1D5EF3F81B144D6200DAD302 /* SDWebImageCompat.m */ = {isa = PBXFileReference; fileEncoding = 4; lastKnownFileType = sourcecode.c.objc; path = SDWebImageCompat.m; sourceTree = "<group>"; };
		1D5EF3F91B144D6200DAD302 /* SDWebImageDecoder.h */ = {isa = PBXFileReference; fileEncoding = 4; lastKnownFileType = sourcecode.c.h; path = SDWebImageDecoder.h; sourceTree = "<group>"; };
		1D5EF3FA1B144D6200DAD302 /* SDWebImageDecoder.m */ = {isa = PBXFileReference; fileEncoding = 4; lastKnownFileType = sourcecode.c.objc; path = SDWebImageDecoder.m; sourceTree = "<group>"; };
		1D5EF3FB1B144D6200DAD302 /* SDWebImageDownloader.h */ = {isa = PBXFileReference; fileEncoding = 4; lastKnownFileType = sourcecode.c.h; path = SDWebImageDownloader.h; sourceTree = "<group>"; };
		1D5EF3FC1B144D6200DAD302 /* SDWebImageDownloader.m */ = {isa = PBXFileReference; fileEncoding = 4; lastKnownFileType = sourcecode.c.objc; path = SDWebImageDownloader.m; sourceTree = "<group>"; };
		1D5EF3FD1B144D6200DAD302 /* SDWebImageDownloaderOperation.h */ = {isa = PBXFileReference; fileEncoding = 4; lastKnownFileType = sourcecode.c.h; path = SDWebImageDownloaderOperation.h; sourceTree = "<group>"; };
		1D5EF3FE1B144D6200DAD302 /* SDWebImageDownloaderOperation.m */ = {isa = PBXFileReference; fileEncoding = 4; lastKnownFileType = sourcecode.c.objc; path = SDWebImageDownloaderOperation.m; sourceTree = "<group>"; };
		1D5EF3FF1B144D6200DAD302 /* SDWebImageManager.h */ = {isa = PBXFileReference; fileEncoding = 4; lastKnownFileType = sourcecode.c.h; path = SDWebImageManager.h; sourceTree = "<group>"; };
		1D5EF4001B144D6200DAD302 /* SDWebImageManager.m */ = {isa = PBXFileReference; fileEncoding = 4; lastKnownFileType = sourcecode.c.objc; path = SDWebImageManager.m; sourceTree = "<group>"; };
		1D5EF4011B144D6200DAD302 /* SDWebImageOperation.h */ = {isa = PBXFileReference; fileEncoding = 4; lastKnownFileType = sourcecode.c.h; path = SDWebImageOperation.h; sourceTree = "<group>"; };
		1D5EF4021B144D6200DAD302 /* SDWebImagePrefetcher.h */ = {isa = PBXFileReference; fileEncoding = 4; lastKnownFileType = sourcecode.c.h; path = SDWebImagePrefetcher.h; sourceTree = "<group>"; };
		1D5EF4031B144D6200DAD302 /* SDWebImagePrefetcher.m */ = {isa = PBXFileReference; fileEncoding = 4; lastKnownFileType = sourcecode.c.objc; path = SDWebImagePrefetcher.m; sourceTree = "<group>"; };
		1D5EF4041B144D6200DAD302 /* UIButton+WebCache.h */ = {isa = PBXFileReference; fileEncoding = 4; lastKnownFileType = sourcecode.c.h; path = "UIButton+WebCache.h"; sourceTree = "<group>"; };
		1D5EF4051B144D6200DAD302 /* UIButton+WebCache.m */ = {isa = PBXFileReference; fileEncoding = 4; lastKnownFileType = sourcecode.c.objc; path = "UIButton+WebCache.m"; sourceTree = "<group>"; };
		1D5EF4061B144D6200DAD302 /* UIImage+GIF.h */ = {isa = PBXFileReference; fileEncoding = 4; lastKnownFileType = sourcecode.c.h; path = "UIImage+GIF.h"; sourceTree = "<group>"; };
		1D5EF4071B144D6200DAD302 /* UIImage+GIF.m */ = {isa = PBXFileReference; fileEncoding = 4; lastKnownFileType = sourcecode.c.objc; path = "UIImage+GIF.m"; sourceTree = "<group>"; };
		1D5EF4081B144D6200DAD302 /* UIImage+MultiFormat.h */ = {isa = PBXFileReference; fileEncoding = 4; lastKnownFileType = sourcecode.c.h; path = "UIImage+MultiFormat.h"; sourceTree = "<group>"; };
		1D5EF4091B144D6200DAD302 /* UIImage+MultiFormat.m */ = {isa = PBXFileReference; fileEncoding = 4; lastKnownFileType = sourcecode.c.objc; path = "UIImage+MultiFormat.m"; sourceTree = "<group>"; };
		1D5EF40A1B144D6200DAD302 /* UIImage+WebP.h */ = {isa = PBXFileReference; fileEncoding = 4; lastKnownFileType = sourcecode.c.h; path = "UIImage+WebP.h"; sourceTree = "<group>"; };
		1D5EF40B1B144D6200DAD302 /* UIImage+WebP.m */ = {isa = PBXFileReference; fileEncoding = 4; lastKnownFileType = sourcecode.c.objc; path = "UIImage+WebP.m"; sourceTree = "<group>"; };
		1D5EF40C1B144D6200DAD302 /* UIImageView+HighlightedWebCache.h */ = {isa = PBXFileReference; fileEncoding = 4; lastKnownFileType = sourcecode.c.h; path = "UIImageView+HighlightedWebCache.h"; sourceTree = "<group>"; };
		1D5EF40D1B144D6200DAD302 /* UIImageView+HighlightedWebCache.m */ = {isa = PBXFileReference; fileEncoding = 4; lastKnownFileType = sourcecode.c.objc; path = "UIImageView+HighlightedWebCache.m"; sourceTree = "<group>"; };
		1D5EF40E1B144D6200DAD302 /* UIImageView+WebCache.h */ = {isa = PBXFileReference; fileEncoding = 4; lastKnownFileType = sourcecode.c.h; path = "UIImageView+WebCache.h"; sourceTree = "<group>"; };
		1D5EF40F1B144D6200DAD302 /* UIImageView+WebCache.m */ = {isa = PBXFileReference; fileEncoding = 4; lastKnownFileType = sourcecode.c.objc; path = "UIImageView+WebCache.m"; sourceTree = "<group>"; };
		1D5EF4101B144D6200DAD302 /* UIView+WebCacheOperation.h */ = {isa = PBXFileReference; fileEncoding = 4; lastKnownFileType = sourcecode.c.h; path = "UIView+WebCacheOperation.h"; sourceTree = "<group>"; };
		1D5EF4111B144D6200DAD302 /* UIView+WebCacheOperation.m */ = {isa = PBXFileReference; fileEncoding = 4; lastKnownFileType = sourcecode.c.objc; path = "UIView+WebCacheOperation.m"; sourceTree = "<group>"; };
		1D5EF4231B144D7E00DAD302 /* ImageCropperView.h */ = {isa = PBXFileReference; fileEncoding = 4; lastKnownFileType = sourcecode.c.h; path = ImageCropperView.h; sourceTree = "<group>"; };
		1D5EF4251B144D7E00DAD302 /* UIImage+Rotation.h */ = {isa = PBXFileReference; fileEncoding = 4; lastKnownFileType = sourcecode.c.h; path = "UIImage+Rotation.h"; sourceTree = "<group>"; };
		1D5EF4261B144D7E00DAD302 /* UIImage+Rotation.m */ = {isa = PBXFileReference; fileEncoding = 4; lastKnownFileType = sourcecode.c.objc; path = "UIImage+Rotation.m"; sourceTree = "<group>"; };
		1D5EF4371B14670700DAD302 /* ImageCropperView.m */ = {isa = PBXFileReference; fileEncoding = 4; lastKnownFileType = sourcecode.c.objc; path = ImageCropperView.m; sourceTree = "<group>"; };
/* End PBXFileReference section */

/* Begin PBXFrameworksBuildPhase section */
		1D5EF3BD1B142FE800DAD302 /* Frameworks */ = {
			isa = PBXFrameworksBuildPhase;
			buildActionMask = 2147483647;
			files = (
			);
			runOnlyForDeploymentPostprocessing = 0;
		};
		1D5EF3D61B142FE800DAD302 /* Frameworks */ = {
			isa = PBXFrameworksBuildPhase;
			buildActionMask = 2147483647;
			files = (
			);
			runOnlyForDeploymentPostprocessing = 0;
		};
/* End PBXFrameworksBuildPhase section */

/* Begin PBXGroup section */
		1D50F7911B155DCD00FD70B6 /* PIP */ = {
			isa = PBXGroup;
			children = (
				1D5EF3EC1B14464800DAD302 /* 画中画02背景.gif */,
				1D50F7921B155DCD00FD70B6 /* 画中画01前景效果.png */,
				1D50F7931B155DCD00FD70B6 /* 画中画01背景.jpg */,
				1D50F7941B155DCD00FD70B6 /* 画中画04背景.jpg */,
				1D50F7951B155DCD00FD70B6 /* 画中画04前景效果.png */,
				1D50F7961B155DCD00FD70B6 /* 画中画05背景.jpg */,
				1D50F7971B155DCD00FD70B6 /* 画中画06前景效果.png */,
				1D50F7981B155DCD00FD70B6 /* 画中画06背景.jpg */,
				1D50F7991B155DCD00FD70B6 /* 画中画07前景效果.png */,
				1D50F79A1B155DCD00FD70B6 /* 画中画07背景.jpg */,
				1D50F79B1B155DCD00FD70B6 /* 画中画08前景效果.png */,
				1D50F79C1B155DCD00FD70B6 /* 画中画08背景.jpg */,
				1D50F7AB1B15C03900FD70B6 /* 画中画09背景.png */,
			);
			path = PIP;
			sourceTree = "<group>";
		};
		1D5EF3B71B142FE800DAD302 = {
			isa = PBXGroup;
			children = (
				1D5EF4221B144D7E00DAD302 /* PerfectImageCropper */,
				1D5EF3F01B144D6200DAD302 /* SDWebImage */,
				1D5EF3C21B142FE800DAD302 /* GifDemo */,
				1D5EF3DC1B142FE800DAD302 /* GifDemoTests */,
				1D5EF3C11B142FE800DAD302 /* Products */,
			);
			sourceTree = "<group>";
		};
		1D5EF3C11B142FE800DAD302 /* Products */ = {
			isa = PBXGroup;
			children = (
				1D5EF3C01B142FE800DAD302 /* GifDemo.app */,
				1D5EF3D91B142FE800DAD302 /* GifDemoTests.xctest */,
			);
			name = Products;
			sourceTree = "<group>";
		};
		1D5EF3C21B142FE800DAD302 /* GifDemo */ = {
			isa = PBXGroup;
			children = (
				1D5EF3C71B142FE800DAD302 /* AppDelegate.h */,
				1D5EF3C81B142FE800DAD302 /* AppDelegate.m */,
				1D5EF3CA1B142FE800DAD302 /* ViewController.h */,
				1D5EF3CB1B142FE800DAD302 /* ViewController.m */,
				1D5EF3CD1B142FE800DAD302 /* Main.storyboard */,
				1D5EF3D01B142FE800DAD302 /* Images.xcassets */,
				1D5EF3D21B142FE800DAD302 /* LaunchScreen.xib */,
				1D5EF3C31B142FE800DAD302 /* Supporting Files */,
				1D5EF3E91B14300C00DAD302 /* GifView.h */,
				1D5EF3EA1B14300C00DAD302 /* GifView.m */,
				1D50F7A81B15767F00FD70B6 /* PendantImageView.h */,
				1D50F7A91B15767F00FD70B6 /* PendantImageView.m */,
				1D50F7AD1B15D86200FD70B6 /* BackImageView.h */,
				1D50F7AE1B15D86200FD70B6 /* BackImageView.m */,
			);
			path = GifDemo;
			sourceTree = "<group>";
		};
		1D5EF3C31B142FE800DAD302 /* Supporting Files */ = {
			isa = PBXGroup;
			children = (
				1D50F7911B155DCD00FD70B6 /* PIP */,
				1D5EF3EE1B14490A00DAD302 /* IMG_0027.JPG */,
				1D5EF3C41B142FE800DAD302 /* Info.plist */,
				1D5EF3C51B142FE800DAD302 /* main.m */,
			);
			name = "Supporting Files";
			sourceTree = "<group>";
		};
		1D5EF3DC1B142FE800DAD302 /* GifDemoTests */ = {
			isa = PBXGroup;
			children = (
				1D5EF3DF1B142FE800DAD302 /* GifDemoTests.m */,
				1D5EF3DD1B142FE800DAD302 /* Supporting Files */,
			);
			path = GifDemoTests;
			sourceTree = "<group>";
		};
		1D5EF3DD1B142FE800DAD302 /* Supporting Files */ = {
			isa = PBXGroup;
			children = (
				1D5EF3DE1B142FE800DAD302 /* Info.plist */,
			);
			name = "Supporting Files";
			sourceTree = "<group>";
		};
		1D5EF3F01B144D6200DAD302 /* SDWebImage */ = {
			isa = PBXGroup;
			children = (
				1D5EF3F11B144D6200DAD302 /* MKAnnotationView+WebCache.h */,
				1D5EF3F21B144D6200DAD302 /* MKAnnotationView+WebCache.m */,
				1D5EF3F31B144D6200DAD302 /* NSData+ImageContentType.h */,
				1D5EF3F41B144D6200DAD302 /* NSData+ImageContentType.m */,
				1D5EF3F51B144D6200DAD302 /* SDImageCache.h */,
				1D5EF3F61B144D6200DAD302 /* SDImageCache.m */,
				1D5EF3F71B144D6200DAD302 /* SDWebImageCompat.h */,
				1D5EF3F81B144D6200DAD302 /* SDWebImageCompat.m */,
				1D5EF3F91B144D6200DAD302 /* SDWebImageDecoder.h */,
				1D5EF3FA1B144D6200DAD302 /* SDWebImageDecoder.m */,
				1D5EF3FB1B144D6200DAD302 /* SDWebImageDownloader.h */,
				1D5EF3FC1B144D6200DAD302 /* SDWebImageDownloader.m */,
				1D5EF3FD1B144D6200DAD302 /* SDWebImageDownloaderOperation.h */,
				1D5EF3FE1B144D6200DAD302 /* SDWebImageDownloaderOperation.m */,
				1D5EF3FF1B144D6200DAD302 /* SDWebImageManager.h */,
				1D5EF4001B144D6200DAD302 /* SDWebImageManager.m */,
				1D5EF4011B144D6200DAD302 /* SDWebImageOperation.h */,
				1D5EF4021B144D6200DAD302 /* SDWebImagePrefetcher.h */,
				1D5EF4031B144D6200DAD302 /* SDWebImagePrefetcher.m */,
				1D5EF4041B144D6200DAD302 /* UIButton+WebCache.h */,
				1D5EF4051B144D6200DAD302 /* UIButton+WebCache.m */,
				1D5EF4061B144D6200DAD302 /* UIImage+GIF.h */,
				1D5EF4071B144D6200DAD302 /* UIImage+GIF.m */,
				1D5EF4081B144D6200DAD302 /* UIImage+MultiFormat.h */,
				1D5EF4091B144D6200DAD302 /* UIImage+MultiFormat.m */,
				1D5EF40A1B144D6200DAD302 /* UIImage+WebP.h */,
				1D5EF40B1B144D6200DAD302 /* UIImage+WebP.m */,
				1D5EF40C1B144D6200DAD302 /* UIImageView+HighlightedWebCache.h */,
				1D5EF40D1B144D6200DAD302 /* UIImageView+HighlightedWebCache.m */,
				1D5EF40E1B144D6200DAD302 /* UIImageView+WebCache.h */,
				1D5EF40F1B144D6200DAD302 /* UIImageView+WebCache.m */,
				1D5EF4101B144D6200DAD302 /* UIView+WebCacheOperation.h */,
				1D5EF4111B144D6200DAD302 /* UIView+WebCacheOperation.m */,
			);
			path = SDWebImage;
			sourceTree = "<group>";
		};
		1D5EF4221B144D7E00DAD302 /* PerfectImageCropper */ = {
			isa = PBXGroup;
			children = (
				1D5EF4231B144D7E00DAD302 /* ImageCropperView.h */,
				1D5EF4371B14670700DAD302 /* ImageCropperView.m */,
				1D5EF4251B144D7E00DAD302 /* UIImage+Rotation.h */,
				1D5EF4261B144D7E00DAD302 /* UIImage+Rotation.m */,
			);
			path = PerfectImageCropper;
			sourceTree = "<group>";
		};
/* End PBXGroup section */

/* Begin PBXNativeTarget section */
		1D5EF3BF1B142FE800DAD302 /* GifDemo */ = {
			isa = PBXNativeTarget;
			buildConfigurationList = 1D5EF3E31B142FE800DAD302 /* Build configuration list for PBXNativeTarget "GifDemo" */;
			buildPhases = (
				1D5EF3BC1B142FE800DAD302 /* Sources */,
				1D5EF3BD1B142FE800DAD302 /* Frameworks */,
				1D5EF3BE1B142FE800DAD302 /* Resources */,
			);
			buildRules = (
			);
			dependencies = (
			);
			name = GifDemo;
			productName = GifDemo;
			productReference = 1D5EF3C01B142FE800DAD302 /* GifDemo.app */;
			productType = "com.apple.product-type.application";
		};
		1D5EF3D81B142FE800DAD302 /* GifDemoTests */ = {
			isa = PBXNativeTarget;
			buildConfigurationList = 1D5EF3E61B142FE800DAD302 /* Build configuration list for PBXNativeTarget "GifDemoTests" */;
			buildPhases = (
				1D5EF3D51B142FE800DAD302 /* Sources */,
				1D5EF3D61B142FE800DAD302 /* Frameworks */,
				1D5EF3D71B142FE800DAD302 /* Resources */,
			);
			buildRules = (
			);
			dependencies = (
				1D5EF3DB1B142FE800DAD302 /* PBXTargetDependency */,
			);
			name = GifDemoTests;
			productName = GifDemoTests;
			productReference = 1D5EF3D91B142FE800DAD302 /* GifDemoTests.xctest */;
			productType = "com.apple.product-type.bundle.unit-test";
		};
/* End PBXNativeTarget section */

/* Begin PBXProject section */
		1D5EF3B81B142FE800DAD302 /* Project object */ = {
			isa = PBXProject;
			attributes = {
				LastUpgradeCheck = 0630;
				ORGANIZATIONNAME = Rick;
				TargetAttributes = {
					1D5EF3BF1B142FE800DAD302 = {
						CreatedOnToolsVersion = 6.3.2;
					};
					1D5EF3D81B142FE800DAD302 = {
						CreatedOnToolsVersion = 6.3.2;
						TestTargetID = 1D5EF3BF1B142FE800DAD302;
					};
				};
			};
			buildConfigurationList = 1D5EF3BB1B142FE800DAD302 /* Build configuration list for PBXProject "GifDemo" */;
			compatibilityVersion = "Xcode 3.2";
			developmentRegion = English;
			hasScannedForEncodings = 0;
			knownRegions = (
				en,
				Base,
			);
			mainGroup = 1D5EF3B71B142FE800DAD302;
			productRefGroup = 1D5EF3C11B142FE800DAD302 /* Products */;
			projectDirPath = "";
			projectRoot = "";
			targets = (
				1D5EF3BF1B142FE800DAD302 /* GifDemo */,
				1D5EF3D81B142FE800DAD302 /* GifDemoTests */,
			);
		};
/* End PBXProject section */

/* Begin PBXResourcesBuildPhase section */
		1D5EF3BE1B142FE800DAD302 /* Resources */ = {
			isa = PBXResourcesBuildPhase;
			buildActionMask = 2147483647;
			files = (
				1D50F7A71B155DCD00FD70B6 /* 画中画08背景.jpg in Resources */,
				1D50F7A41B155DCD00FD70B6 /* 画中画07前景效果.png in Resources */,
				1D50F79E1B155DCD00FD70B6 /* 画中画01背景.jpg in Resources */,
				1D50F7A01B155DCD00FD70B6 /* 画中画04前景效果.png in Resources */,
				1D50F7A31B155DCD00FD70B6 /* 画中画06背景.jpg in Resources */,
				1D50F79D1B155DCD00FD70B6 /* 画中画01前景效果.png in Resources */,
				1D50F7AC1B15C03900FD70B6 /* 画中画09背景.png in Resources */,
				1D5EF3ED1B14464800DAD302 /* 画中画02背景.gif in Resources */,
				1D50F7A21B155DCD00FD70B6 /* 画中画06前景效果.png in Resources */,
				1D5EF3CF1B142FE800DAD302 /* Main.storyboard in Resources */,
				1D50F7A11B155DCD00FD70B6 /* 画中画05背景.jpg in Resources */,
				1D50F7A51B155DCD00FD70B6 /* 画中画07背景.jpg in Resources */,
				1D5EF3D41B142FE800DAD302 /* LaunchScreen.xib in Resources */,
				1D5EF3EF1B14490A00DAD302 /* IMG_0027.JPG in Resources */,
				1D50F7A61B155DCD00FD70B6 /* 画中画08前景效果.png in Resources */,
				1D5EF3D11B142FE800DAD302 /* Images.xcassets in Resources */,
				1D50F79F1B155DCD00FD70B6 /* 画中画04背景.jpg in Resources */,
			);
			runOnlyForDeploymentPostprocessing = 0;
		};
		1D5EF3D71B142FE800DAD302 /* Resources */ = {
			isa = PBXResourcesBuildPhase;
			buildActionMask = 2147483647;
			files = (
			);
			runOnlyForDeploymentPostprocessing = 0;
		};
/* End PBXResourcesBuildPhase section */

/* Begin PBXSourcesBuildPhase section */
		1D5EF3BC1B142FE800DAD302 /* Sources */ = {
			isa = PBXSourcesBuildPhase;
			buildActionMask = 2147483647;
			files = (
				1D5EF41F1B144D6200DAD302 /* UIImageView+HighlightedWebCache.m in Sources */,
				1D5EF41D1B144D6200DAD302 /* UIImage+MultiFormat.m in Sources */,
				1D5EF4181B144D6200DAD302 /* SDWebImageDownloaderOperation.m in Sources */,
				1D5EF3CC1B142FE800DAD302 /* ViewController.m in Sources */,
				1D5EF4151B144D6200DAD302 /* SDWebImageCompat.m in Sources */,
				1D50F7AA1B15767F00FD70B6 /* PendantImageView.m in Sources */,
				1D5EF41C1B144D6200DAD302 /* UIImage+GIF.m in Sources */,
				1D5EF41A1B144D6200DAD302 /* SDWebImagePrefetcher.m in Sources */,
				1D5EF3EB1B14300C00DAD302 /* GifView.m in Sources */,
				1D50F7AF1B15D86200FD70B6 /* BackImageView.m in Sources */,
				1D5EF3C91B142FE800DAD302 /* AppDelegate.m in Sources */,
				1D5EF41E1B144D6200DAD302 /* UIImage+WebP.m in Sources */,
				1D5EF4281B144D7E00DAD302 /* UIImage+Rotation.m in Sources */,
				1D5EF4201B144D6200DAD302 /* UIImageView+WebCache.m in Sources */,
				1D5EF4171B144D6200DAD302 /* SDWebImageDownloader.m in Sources */,
				1D5EF4211B144D6200DAD302 /* UIView+WebCacheOperation.m in Sources */,
				1D5EF41B1B144D6200DAD302 /* UIButton+WebCache.m in Sources */,
				1D5EF4121B144D6200DAD302 /* MKAnnotationView+WebCache.m in Sources */,
				1D5EF4131B144D6200DAD302 /* NSData+ImageContentType.m in Sources */,
				1D5EF4381B14670700DAD302 /* ImageCropperView.m in Sources */,
				1D5EF3C61B142FE800DAD302 /* main.m in Sources */,
				1D5EF4191B144D6200DAD302 /* SDWebImageManager.m in Sources */,
				1D5EF4161B144D6200DAD302 /* SDWebImageDecoder.m in Sources */,
				1D5EF4141B144D6200DAD302 /* SDImageCache.m in Sources */,
			);
			runOnlyForDeploymentPostprocessing = 0;
		};
		1D5EF3D51B142FE800DAD302 /* Sources */ = {
			isa = PBXSourcesBuildPhase;
			buildActionMask = 2147483647;
			files = (
				1D5EF3E01B142FE800DAD302 /* GifDemoTests.m in Sources */,
			);
			runOnlyForDeploymentPostprocessing = 0;
		};
/* End PBXSourcesBuildPhase section */

/* Begin PBXTargetDependency section */
		1D5EF3DB1B142FE800DAD302 /* PBXTargetDependency */ = {
			isa = PBXTargetDependency;
			target = 1D5EF3BF1B142FE800DAD302 /* GifDemo */;
			targetProxy = 1D5EF3DA1B142FE800DAD302 /* PBXContainerItemProxy */;
		};
/* End PBXTargetDependency section */

/* Begin PBXVariantGroup section */
		1D5EF3CD1B142FE800DAD302 /* Main.storyboard */ = {
			isa = PBXVariantGroup;
			children = (
				1D5EF3CE1B142FE800DAD302 /* Base */,
			);
			name = Main.storyboard;
			sourceTree = "<group>";
		};
		1D5EF3D21B142FE800DAD302 /* LaunchScreen.xib */ = {
			isa = PBXVariantGroup;
			children = (
				1D5EF3D31B142FE800DAD302 /* Base */,
			);
			name = LaunchScreen.xib;
			sourceTree = "<group>";
		};
/* End PBXVariantGroup section */

/* Begin XCBuildConfiguration section */
		1D5EF3E11B142FE800DAD302 /* Debug */ = {
			isa = XCBuildConfiguration;
			buildSettings = {
				ALWAYS_SEARCH_USER_PATHS = NO;
				CLANG_CXX_LANGUAGE_STANDARD = "gnu++0x";
				CLANG_CXX_LIBRARY = "libc++";
				CLANG_ENABLE_MODULES = YES;
				CLANG_ENABLE_OBJC_ARC = YES;
				CLANG_WARN_BOOL_CONVERSION = YES;
				CLANG_WARN_CONSTANT_CONVERSION = YES;
				CLANG_WARN_DIRECT_OBJC_ISA_USAGE = YES_ERROR;
				CLANG_WARN_EMPTY_BODY = YES;
				CLANG_WARN_ENUM_CONVERSION = YES;
				CLANG_WARN_INT_CONVERSION = YES;
				CLANG_WARN_OBJC_ROOT_CLASS = YES_ERROR;
				CLANG_WARN_UNREACHABLE_CODE = YES;
				CLANG_WARN__DUPLICATE_METHOD_MATCH = YES;
				"CODE_SIGN_IDENTITY[sdk=iphoneos*]" = "iPhone Developer";
				COPY_PHASE_STRIP = NO;
				DEBUG_INFORMATION_FORMAT = "dwarf-with-dsym";
				ENABLE_STRICT_OBJC_MSGSEND = YES;
				GCC_C_LANGUAGE_STANDARD = gnu99;
				GCC_DYNAMIC_NO_PIC = NO;
				GCC_NO_COMMON_BLOCKS = YES;
				GCC_OPTIMIZATION_LEVEL = 0;
				GCC_PREPROCESSOR_DEFINITIONS = (
					"DEBUG=1",
					"$(inherited)",
				);
				GCC_SYMBOLS_PRIVATE_EXTERN = NO;
				GCC_WARN_64_TO_32_BIT_CONVERSION = YES;
				GCC_WARN_ABOUT_RETURN_TYPE = YES_ERROR;
				GCC_WARN_UNDECLARED_SELECTOR = YES;
				GCC_WARN_UNINITIALIZED_AUTOS = YES_AGGRESSIVE;
				GCC_WARN_UNUSED_FUNCTION = YES;
				GCC_WARN_UNUSED_VARIABLE = YES;
				IPHONEOS_DEPLOYMENT_TARGET = 8.3;
				MTL_ENABLE_DEBUG_INFO = YES;
				ONLY_ACTIVE_ARCH = YES;
				SDKROOT = iphoneos;
			};
			name = Debug;
		};
		1D5EF3E21B142FE800DAD302 /* Release */ = {
			isa = XCBuildConfiguration;
			buildSettings = {
				ALWAYS_SEARCH_USER_PATHS = NO;
				CLANG_CXX_LANGUAGE_STANDARD = "gnu++0x";
				CLANG_CXX_LIBRARY = "libc++";
				CLANG_ENABLE_MODULES = YES;
				CLANG_ENABLE_OBJC_ARC = YES;
				CLANG_WARN_BOOL_CONVERSION = YES;
				CLANG_WARN_CONSTANT_CONVERSION = YES;
				CLANG_WARN_DIRECT_OBJC_ISA_USAGE = YES_ERROR;
				CLANG_WARN_EMPTY_BODY = YES;
				CLANG_WARN_ENUM_CONVERSION = YES;
				CLANG_WARN_INT_CONVERSION = YES;
				CLANG_WARN_OBJC_ROOT_CLASS = YES_ERROR;
				CLANG_WARN_UNREACHABLE_CODE = YES;
				CLANG_WARN__DUPLICATE_METHOD_MATCH = YES;
				"CODE_SIGN_IDENTITY[sdk=iphoneos*]" = "iPhone Developer";
				COPY_PHASE_STRIP = NO;
				DEBUG_INFORMATION_FORMAT = "dwarf-with-dsym";
				ENABLE_NS_ASSERTIONS = NO;
				ENABLE_STRICT_OBJC_MSGSEND = YES;
				GCC_C_LANGUAGE_STANDARD = gnu99;
				GCC_NO_COMMON_BLOCKS = YES;
				GCC_WARN_64_TO_32_BIT_CONVERSION = YES;
				GCC_WARN_ABOUT_RETURN_TYPE = YES_ERROR;
				GCC_WARN_UNDECLARED_SELECTOR = YES;
				GCC_WARN_UNINITIALIZED_AUTOS = YES_AGGRESSIVE;
				GCC_WARN_UNUSED_FUNCTION = YES;
				GCC_WARN_UNUSED_VARIABLE = YES;
				IPHONEOS_DEPLOYMENT_TARGET = 8.3;
				MTL_ENABLE_DEBUG_INFO = NO;
				SDKROOT = iphoneos;
				VALIDATE_PRODUCT = YES;
			};
			name = Release;
		};
		1D5EF3E41B142FE800DAD302 /* Debug */ = {
			isa = XCBuildConfiguration;
			buildSettings = {
				ASSETCATALOG_COMPILER_APPICON_NAME = AppIcon;
				"CODE_SIGN_IDENTITY[sdk=iphoneos*]" = "iPhone Developer: HU YANG (97A5JZA92N)";
				GCC_NO_COMMON_BLOCKS = YES;
				INFOPLIST_FILE = GifDemo/Info.plist;
				IPHONEOS_DEPLOYMENT_TARGET = 7.0;
				LD_RUNPATH_SEARCH_PATHS = "$(inherited) @executable_path/Frameworks";
				PRODUCT_NAME = "$(TARGET_NAME)";
				PROVISIONING_PROFILE = "09e9c3ea-1187-40fd-b7b9-6f38d4363107";
				TARGETED_DEVICE_FAMILY = "1,2";
			};
			name = Debug;
		};
		1D5EF3E51B142FE800DAD302 /* Release */ = {
			isa = XCBuildConfiguration;
			buildSettings = {
				ASSETCATALOG_COMPILER_APPICON_NAME = AppIcon;
				GCC_NO_COMMON_BLOCKS = YES;
				INFOPLIST_FILE = GifDemo/Info.plist;
				IPHONEOS_DEPLOYMENT_TARGET = 7.0;
				LD_RUNPATH_SEARCH_PATHS = "$(inherited) @executable_path/Frameworks";
				PRODUCT_NAME = "$(TARGET_NAME)";
				PROVISIONING_PROFILE = "09e9c3ea-1187-40fd-b7b9-6f38d4363107";
				TARGETED_DEVICE_FAMILY = "1,2";
			};
			name = Release;
		};
		1D5EF3E71B142FE800DAD302 /* Debug */ = {
			isa = XCBuildConfiguration;
			buildSettings = {
				BUNDLE_LOADER = "$(TEST_HOST)";
				FRAMEWORK_SEARCH_PATHS = (
					"$(SDKROOT)/Developer/Library/Frameworks",
					"$(inherited)",
				);
				GCC_PREPROCESSOR_DEFINITIONS = (
					"DEBUG=1",
					"$(inherited)",
				);
				INFOPLIST_FILE = GifDemoTests/Info.plist;
				LD_RUNPATH_SEARCH_PATHS = "$(inherited) @executable_path/Frameworks @loader_path/Frameworks";
				PRODUCT_NAME = "$(TARGET_NAME)";
				TEST_HOST = "$(BUILT_PRODUCTS_DIR)/GifDemo.app/GifDemo";
			};
			name = Debug;
		};
		1D5EF3E81B142FE800DAD302 /* Release */ = {
			isa = XCBuildConfiguration;
			buildSettings = {
				BUNDLE_LOADER = "$(TEST_HOST)";
				FRAMEWORK_SEARCH_PATHS = (
					"$(SDKROOT)/Developer/Library/Frameworks",
					"$(inherited)",
				);
				INFOPLIST_FILE = GifDemoTests/Info.plist;
				LD_RUNPATH_SEARCH_PATHS = "$(inherited) @executable_path/Frameworks @loader_path/Frameworks";
				PRODUCT_NAME = "$(TARGET_NAME)";
				TEST_HOST = "$(BUILT_PRODUCTS_DIR)/GifDemo.app/GifDemo";
			};
			name = Release;
		};
/* End XCBuildConfiguration section */

/* Begin XCConfigurationList section */
		1D5EF3BB1B142FE800DAD302 /* Build configuration list for PBXProject "GifDemo" */ = {
			isa = XCConfigurationList;
			buildConfigurations = (
				1D5EF3E11B142FE800DAD302 /* Debug */,
				1D5EF3E21B142FE800DAD302 /* Release */,
			);
			defaultConfigurationIsVisible = 0;
			defaultConfigurationName = Release;
		};
		1D5EF3E31B142FE800DAD302 /* Build configuration list for PBXNativeTarget "GifDemo" */ = {
			isa = XCConfigurationList;
			buildConfigurations = (
				1D5EF3E41B142FE800DAD302 /* Debug */,
				1D5EF3E51B142FE800DAD302 /* Release */,
			);
			defaultConfigurationIsVisible = 0;
			defaultConfigurationName = Release;
		};
		1D5EF3E61B142FE800DAD302 /* Build configuration list for PBXNativeTarget "GifDemoTests" */ = {
			isa = XCConfigurationList;
			buildConfigurations = (
				1D5EF3E71B142FE800DAD302 /* Debug */,
				1D5EF3E81B142FE800DAD302 /* Release */,
			);
			defaultConfigurationIsVisible = 0;
			defaultConfigurationName = Release;
		};
/* End XCConfigurationList section */
	};
	rootObject = 1D5EF3B81B142FE800DAD302 /* Project object */;
}
